
Microsoft Visual Studio Solution File, Format Version 12.00
Project("{FAE04EC0-301F-11D3-BF4B-00C04F79EFBC}") = "TicTacToe", "TicTacToe\TicTacToe.csproj", "{054728C3-59DA-4DC2-8626-D915D09E675C}"
EndProject
Global
	GlobalSection(SolutionConfigurationPlatforms) = preSolution
		Debug|Any CPU = Debug|Any CPU
		Release|Any CPU = Release|Any CPU
	EndGlobalSection
	GlobalSection(ProjectConfigurationPlatforms) = postSolution
		{054728C3-59DA-4DC2-8626-D915D09E675C}.Debug|Any CPU.ActiveCfg = Debug|Any CPU
		{054728C3-59DA-4DC2-8626-D915D09E675C}.Debug|Any CPU.Build.0 = Debug|Any CPU
		{054728C3-59DA-4DC2-8626-D915D09E675C}.Release|Any CPU.ActiveCfg = Release|Any CPU
		{054728C3-59DA-4DC2-8626-D915D09E675C}.Release|Any CPU.Build.0 = Release|Any CPU
	EndGlobalSection
EndGlobal
